
Microsoft Visual Studio Solution File, Format Version 12.00
# Visual Studio Version 16
VisualStudioVersion = 16.0.30114.128
MinimumVisualStudioVersion = 10.0.40219.1
Project("{FAE04EC0-301F-11D3-BF4B-00C04F79EFBC}") = "BOD", "BOD.csproj", "{D7EA1A59-ACEA-4787-BA7A-C1F0D42B35F3}"
EndProject
Global
	GlobalSection(SolutionConfigurationPlatforms) = preSolution
		Debug|Any CPU = Debug|Any CPU
		Release|Any CPU = Release|Any CPU
	EndGlobalSection
	GlobalSection(ProjectConfigurationPlatforms) = postSolution
		{D7EA1A59-ACEA-4787-BA7A-C1F0D42B35F3}.Debug|Any CPU.ActiveCfg = Debug|Any CPU
		{D7EA1A59-ACEA-4787-BA7A-C1F0D42B35F3}.Debug|Any CPU.Build.0 = Debug|Any CPU
		{D7EA1A59-ACEA-4787-BA7A-C1F0D42B35F3}.Release|Any CPU.ActiveCfg = Release|Any CPU
		{D7EA1A59-ACEA-4787-BA7A-C1F0D42B35F3}.Release|Any CPU.Build.0 = Release|Any CPU
	EndGlobalSection
	GlobalSection(SolutionProperties) = preSolution
		HideSolutionNode = FALSE
	EndGlobalSection
	GlobalSection(ExtensibilityGlobals) = postSolution
		SolutionGuid = {CE8B490C-8E24-4531-9D41-9AD7FC1B42FE}
	EndGlobalSection
EndGlobal
